
Microsoft Visual Studio Solution File, Format Version 12.00
Project("{FAE04EC0-301F-11D3-BF4B-00C04F79EFBC}") = "Apbd.Kolos", "Apbd.Kolos\Apbd.Kolos.csproj", "{D0AAD065-AC99-4C24-8E92-8D178593A88A}"
EndProject
Global
	GlobalSection(SolutionConfigurationPlatforms) = preSolution
		Debug|Any CPU = Debug|Any CPU
		Release|Any CPU = Release|Any CPU
	EndGlobalSection
	GlobalSection(ProjectConfigurationPlatforms) = postSolution
		{D0AAD065-AC99-4C24-8E92-8D178593A88A}.Debug|Any CPU.ActiveCfg = Debug|Any CPU
		{D0AAD065-AC99-4C24-8E92-8D178593A88A}.Debug|Any CPU.Build.0 = Debug|Any CPU
		{D0AAD065-AC99-4C24-8E92-8D178593A88A}.Release|Any CPU.ActiveCfg = Release|Any CPU
		{D0AAD065-AC99-4C24-8E92-8D178593A88A}.Release|Any CPU.Build.0 = Release|Any CPU
	EndGlobalSection
EndGlobal
